github.com/chzyer/logex v1.1.10/go.mod h1:+Ywpsq7O8HXn0nuIou7OrIPyXbp3wmkHB+jjWRnGsAI=
github.com/chzyer/readline v0.0.0-20180603132655-2972be24d48e h1:fY5BOSpyZCqRo5OhCuC+XN+r/bBCmeuuJtjz+bCNIf8=
github.com/chzyer/readline v0.0.0-20180603132655-2972be24d48e/go.mod h1:nSuG5e5PlCu98SY8svDHJxuZscDgtXS6KTTbou5AhLI=
github.com/chzyer/test v0.0.0-20180213035817-a1ea475d72b1/go.mod h1:Q3SI9o4m/ZMnBNeIyt5eFwwo7qiLfzFZmjNmxjkiQlU=
github.com/creack/pty v1.1.9/go.mod h1:oKZEueFk5CKHvIhNR5MUki03XCEU+Q6VDXinZuGJ33E=
github.com/davecgh/go-spew v1.1.0/go.mod h1:J7Y8YcW2NihsgmVo/mv3lAwl/skON4iLHjSsI+c5H38=
github.com/davecgh/go-spew v1.1.1/go.mod h1:J7Y8YcW2NihsgmVo/mv3lAwl/skON4iLHjSsI+c5H38=
github.com/frankban/quicktest v1.14.6/go.mod h1:4ptaffx2x8+WTWXmUCuVU6aPUX1/Mz7zb5vbUoiM6w0=
github.com/google/go-cmp v0.5.9/go.mod h1:17dUlkBOakJ0+DkrSSNjCkIjxS6bF9zb3elmeNGIjoY=
github.com/kordar/command v0.0.1 h1:RskGYf70o+4qZcJyfD1THGe4tnEFqghUq7LBmPS6zng=
github.com/kordar/command v0.0.1/go.mod h1:je3GRFNKlU09DWPevdreGprwu7rlloI3GjssGbJ/OZo=
github.com/kordar/gologger v0.0.3 h1:vYb+p96YGiMRR7vmNmr7TQqTL9r7rfic1/7+ER++U/c=
github.com/kordar/gologger v0.0.3/go.mod h1:wX4OHeue7IkDsTRY3jYY2J08k/lJmQjdavtQDXz9hnE=
github.com/kordar/nazacolor v0.0.1 h1:gLhU5BrpGG0E/tezC3zCzJO9jxcO3D2yRohZhh3g14U=
github.com/kordar/nazacolor v0.0.1/go.mod h1:qbILbLvIthp0UusOcsbuGqnyuWCv1apZ91YSYLiFi+8=
github.com/kordar/nazafake v0.0.1 h1:8CH2SdFGEqIPcNthLckqStFUE3k1CsJLA/NuL92YA8c=
github.com/kordar/nazafake v0.0.1/go.mod h1:Lh4jAbpHLNB8Fq0IFK4Hf4AfkWPhk8bvAl13J6olvqY=
github.com/kordar/nazalog v0.0.1 h1:ABTj1bgZh7QUW0TvTv4xS4U/lwJkGMUgiJVXy8Z0sfc=
github.com/kordar/nazalog v0.0.1/go.mod h1:1EQYP8E4oW1TBfHPvUuFI+XJ5TOTkxCDk+H9Cyw99G4=
github.com/kordar/nazamock v0.0.1 h1:hr1cpDmfUGd7VSrBuoBjaIUZ34qxc9wQHIxom3TmJsk=
github.com/kordar/nazamock v0.0.1/go.mod h1:0UUdfG4hw8J3G7Zp+E+wAqdjlV81qfscM948Nc6bt+M=
github.com/kordar/nazareflect v0.0.1 h1:50+GJ3SQoLmvKhKvjz9+2I0vEcup/mMF2F2b4WZuQVE=
github.com/kordar/nazareflect v0.0.1/go.mod h1:pgHLbYccCHuW8iQynVOMWDLBc8EeA75ZzpYP2CnMBAA=
github.com/kordar/nazassert v0.0.1/go.mod h1:ahqrY6fvDfjwp7UZERvgkGK8iaJMLmI/U9/mcMU7AN4=
github.com/kr/pretty v0.3.1/go.mod h1:hoEshYVHaxMs3cyo3Yncou5ZscifuDolrwPKZanG3xk=
github.com/kr/text v0.2.0/go.mod h1:eLer722TekiGuMkidMxC/pM04lWEeraHUUmBw8l2grE=
github.com/manifoldco/promptui v0.9.0 h1:3V4HzJk1TtXW1MTZMP7mdlwbBpIinw3HztaIlYthEiA=
github.com/manifoldco/promptui v0.9.0/go.mod h1:ka04sppxSGFAtxX0qhlYQjISsg9mR4GWtQEhdbn6Pgg=
github.com/pkg/diff v0.0.0-20210226163009-20ebb0f2a09e/go.mod h1:pJLUxLENpZxwdsKMEsNbx1VGcRFpLqf3715MtcvvzbA=
github.com/pmezard/go-difflib v1.0.0/go.mod h1:iKH77koFhYxTK1pcRnkKkqfTogsbg7gZNVY4sRDYZ/4=
github.com/rogpeppe/go-internal v1.9.0/go.mod h1:WtVeX8xhTBvf0smdhujwtBcq4Qrzq/fJaraNFVN+nFs=
github.com/sirupsen/logrus v1.9.0 h1:trlNQbNUG3OdDrDil03MCb1H2o9nJ1x4/5LYw7byDE0=
github.com/sirupsen/logrus v1.9.0/go.mod h1:naHLuLoDiP4jHNo9R0sCBMtWGeIprob74mVsIT4qYEQ=
github.com/spf13/cast v1.7.0 h1:ntdiHjuueXFgm5nzDRdOS4yfT43P5Fnud6DH50rz/7w=
github.com/spf13/cast v1.7.0/go.mod h1:ancEpBxwJDODSW/UG4rDrAqiKolqNNh2DX3mk86cAdo=
github.com/stretchr/objx v0.1.0/go.mod h1:HFkY916IF+rwdDfMAkV7OtwuqBVzrE8GR6GFx+wExME=
github.com/stretchr/testify v1.7.0/go.mod h1:6Fq8oRcR53rry900zMqJjRRixrwX3KX962/h/Wwjteg=
golang.org/x/sys v0.0.0-20181122145206-62eef0e2fa9b/go.mod h1:STP8DvDyc/dI5b8T5hshtkjS+E42TnysNCUPdjciGhY=
golang.org/x/sys v0.0.0-20220715151400-c0bba94af5f8 h1:0A+M6Uqn+Eje4kHMK80dtF3JCXC4ykBgQG4Fe06QRhQ=
golang.org/x/sys v0.0.0-20220715151400-c0bba94af5f8/go.mod h1:oPkhp1MJrh7nUepCBck5+mAzfO9JrbApNNgaTdGDITg=
gopkg.in/check.v1 v0.0.0-20161208181325-20d25e280405/go.mod h1:Co6ibVJAznAaIkqp8huTwlJQCZ016jof/cbN4VW5Yz0=
gopkg.in/yaml.v3 v3.0.0-20200313102051-9f266ea9e77c/go.mod h1:K4uyk7z7BCEPqu6E+C64Yfv1cQ7kz7rIZviUmN+EgEM=
